
Microsoft Visual Studio Solution File, Format Version 12.00
# Visual Studio Version 16
VisualStudioVersion = 16.0.32126.315
MinimumVisualStudioVersion = 10.0.40219.1
Project("{FAE04EC0-301F-11D3-BF4B-00C04F79EFBC}") = "Task2", "Task2\Task2.csproj", "{D483B09E-B384-4A6C-8C04-0A80436D44AD}"
EndProject
Project("{FAE04EC0-301F-11D3-BF4B-00C04F79EFBC}") = "Task3", "Task3\Task3.csproj", "{A7199D38-0E23-4AD6-8F1C-9D01C9F6C425}"
EndProject
Project("{FAE04EC0-301F-11D3-BF4B-00C04F79EFBC}") = "Task5", "Task5\Task5.csproj", "{CF235E8A-5631-44DC-B205-203A2F53F9D8}"
EndProject
Global
	GlobalSection(SolutionConfigurationPlatforms) = preSolution
		Debug|Any CPU = Debug|Any CPU
		Release|Any CPU = Release|Any CPU
	EndGlobalSection
	GlobalSection(ProjectConfigurationPlatforms) = postSolution
		{D483B09E-B384-4A6C-8C04-0A80436D44AD}.Debug|Any CPU.ActiveCfg = Debug|Any CPU
		{D483B09E-B384-4A6C-8C04-0A80436D44AD}.Debug|Any CPU.Build.0 = Debug|Any CPU
		{D483B09E-B384-4A6C-8C04-0A80436D44AD}.Release|Any CPU.ActiveCfg = Release|Any CPU
		{D483B09E-B384-4A6C-8C04-0A80436D44AD}.Release|Any CPU.Build.0 = Release|Any CPU
		{A7199D38-0E23-4AD6-8F1C-9D01C9F6C425}.Debug|Any CPU.ActiveCfg = Debug|Any CPU
		{A7199D38-0E23-4AD6-8F1C-9D01C9F6C425}.Debug|Any CPU.Build.0 = Debug|Any CPU
		{A7199D38-0E23-4AD6-8F1C-9D01C9F6C425}.Release|Any CPU.ActiveCfg = Release|Any CPU
		{A7199D38-0E23-4AD6-8F1C-9D01C9F6C425}.Release|Any CPU.Build.0 = Release|Any CPU
		{CF235E8A-5631-44DC-B205-203A2F53F9D8}.Debug|Any CPU.ActiveCfg = Debug|Any CPU
		{CF235E8A-5631-44DC-B205-203A2F53F9D8}.Debug|Any CPU.Build.0 = Debug|Any CPU
		{CF235E8A-5631-44DC-B205-203A2F53F9D8}.Release|Any CPU.ActiveCfg = Release|Any CPU
		{CF235E8A-5631-44DC-B205-203A2F53F9D8}.Release|Any CPU.Build.0 = Release|Any CPU
	EndGlobalSection
	GlobalSection(SolutionProperties) = preSolution
		HideSolutionNode = FALSE
	EndGlobalSection
	GlobalSection(ExtensibilityGlobals) = postSolution
		SolutionGuid = {10EB2D82-FB4C-4B60-87ED-5CCE160297B9}
	EndGlobalSection
EndGlobal
